
Microsoft Visual Studio Solution File, Format Version 12.00
# Visual Studio 2012
Project("{FAE04EC0-301F-11D3-BF4B-00C04F79EFBC}") = "formsfeed", "formsfeed\formsfeed.csproj", "{EE874233-5D7A-46EC-958E-9E638DACDB89}"
EndProject
Project("{FAE04EC0-301F-11D3-BF4B-00C04F79EFBC}") = "feedtest", "feedtest\feedtest.csproj", "{4759DA4E-F791-473C-9048-2BDC089EFA36}"
EndProject
Project("{FAE04EC0-301F-11D3-BF4B-00C04F79EFBC}") = "FormsFeed.Cache", "FormsFeed.Cache\FormsFeed.Cache.csproj", "{213DDB91-096D-4265-B4AD-6ECA9FAE7A8F}"
EndProject
Global
	GlobalSection(SolutionConfigurationPlatforms) = preSolution
		Debug|Any CPU = Debug|Any CPU
		Release|Any CPU = Release|Any CPU
	EndGlobalSection
	GlobalSection(ProjectConfigurationPlatforms) = postSolution
		{EE874233-5D7A-46EC-958E-9E638DACDB89}.Debug|Any CPU.ActiveCfg = Debug|Any CPU
		{EE874233-5D7A-46EC-958E-9E638DACDB89}.Debug|Any CPU.Build.0 = Debug|Any CPU
		{EE874233-5D7A-46EC-958E-9E638DACDB89}.Release|Any CPU.ActiveCfg = Release|Any CPU
		{EE874233-5D7A-46EC-958E-9E638DACDB89}.Release|Any CPU.Build.0 = Release|Any CPU
		{4759DA4E-F791-473C-9048-2BDC089EFA36}.Debug|Any CPU.ActiveCfg = Debug|Any CPU
		{4759DA4E-F791-473C-9048-2BDC089EFA36}.Debug|Any CPU.Build.0 = Debug|Any CPU
		{4759DA4E-F791-473C-9048-2BDC089EFA36}.Release|Any CPU.ActiveCfg = Release|Any CPU
		{4759DA4E-F791-473C-9048-2BDC089EFA36}.Release|Any CPU.Build.0 = Release|Any CPU
		{213DDB91-096D-4265-B4AD-6ECA9FAE7A8F}.Debug|Any CPU.ActiveCfg = Debug|Any CPU
		{213DDB91-096D-4265-B4AD-6ECA9FAE7A8F}.Debug|Any CPU.Build.0 = Debug|Any CPU
		{213DDB91-096D-4265-B4AD-6ECA9FAE7A8F}.Release|Any CPU.ActiveCfg = Release|Any CPU
		{213DDB91-096D-4265-B4AD-6ECA9FAE7A8F}.Release|Any CPU.Build.0 = Release|Any CPU
	EndGlobalSection
	GlobalSection(SolutionProperties) = preSolution
		HideSolutionNode = FALSE
	EndGlobalSection
EndGlobal
